
Microsoft Visual Studio Solution File, Format Version 12.00
# Visual Studio Version 17
VisualStudioVersion = 17.10.35027.167
MinimumVisualStudioVersion = 10.0.40219.1
Project("{FAE04EC0-301F-11D3-BF4B-00C04F79EFBC}") = "WorkFlowStages", "WorkFlowStages\WorkFlowStages.csproj", "{32BD390C-1E1A-4BC0-9B7A-A9E6A5F8F099}"
EndProject
Global
	GlobalSection(SolutionConfigurationPlatforms) = preSolution
		Debug|Any CPU = Debug|Any CPU
		Release|Any CPU = Release|Any CPU
	EndGlobalSection
	GlobalSection(ProjectConfigurationPlatforms) = postSolution
		{32BD390C-1E1A-4BC0-9B7A-A9E6A5F8F099}.Debug|Any CPU.ActiveCfg = Debug|Any CPU
		{32BD390C-1E1A-4BC0-9B7A-A9E6A5F8F099}.Debug|Any CPU.Build.0 = Debug|Any CPU
		{32BD390C-1E1A-4BC0-9B7A-A9E6A5F8F099}.Release|Any CPU.ActiveCfg = Release|Any CPU
		{32BD390C-1E1A-4BC0-9B7A-A9E6A5F8F099}.Release|Any CPU.Build.0 = Release|Any CPU
	EndGlobalSection
	GlobalSection(SolutionProperties) = preSolution
		HideSolutionNode = FALSE
	EndGlobalSection
	GlobalSection(ExtensibilityGlobals) = postSolution
		SolutionGuid = {1603DD9B-A4C8-43BF-8D6D-32E85FA0A892}
	EndGlobalSection
EndGlobal
